
Microsoft Visual Studio Solution File, Format Version 12.00
# Visual Studio Version 16
VisualStudioVersion = 16.0.28729.10
MinimumVisualStudioVersion = 10.0.40219.1
Project("{FAE04EC0-301F-11D3-BF4B-00C04F79EFBC}") = "Networking312190796_318855038", "Networking312190796_318855038\Networking312190796_318855038.csproj", "{7254D0EB-2F90-4A1D-81FB-A703A239E058}"
EndProject
Global
	GlobalSection(SolutionConfigurationPlatforms) = preSolution
		Debug|Any CPU = Debug|Any CPU
		Release|Any CPU = Release|Any CPU
	EndGlobalSection
	GlobalSection(ProjectConfigurationPlatforms) = postSolution
		{7254D0EB-2F90-4A1D-81FB-A703A239E058}.Debug|Any CPU.ActiveCfg = Debug|Any CPU
		{7254D0EB-2F90-4A1D-81FB-A703A239E058}.Debug|Any CPU.Build.0 = Debug|Any CPU
		{7254D0EB-2F90-4A1D-81FB-A703A239E058}.Release|Any CPU.ActiveCfg = Release|Any CPU
		{7254D0EB-2F90-4A1D-81FB-A703A239E058}.Release|Any CPU.Build.0 = Release|Any CPU
	EndGlobalSection
	GlobalSection(SolutionProperties) = preSolution
		HideSolutionNode = FALSE
	EndGlobalSection
	GlobalSection(ExtensibilityGlobals) = postSolution
		SolutionGuid = {2270D521-B44B-48AF-BF23-6278FB0F7E27}
	EndGlobalSection
EndGlobal
